
Microsoft Visual Studio Solution File, Format Version 12.00
# Visual Studio 15
VisualStudioVersion = 15.0.26124.0
MinimumVisualStudioVersion = 15.0.26124.0
Project("{FAE04EC0-301F-11D3-BF4B-00C04F79EFBC}") = "Ianf.Gametracker.Services", "Ianf.Gametracker.Services\Ianf.Gametracker.Services.csproj", "{A5601EC9-4B45-40C7-9768-1DEA99BF132E}"
EndProject
Project("{FAE04EC0-301F-11D3-BF4B-00C04F79EFBC}") = "Ianf.Gametracker.Repositories", "Ianf.Gametracker.Repositories\Ianf.Gametracker.Repositories.csproj", "{1E91F725-0145-4244-AF8C-DAD73533544C}"
EndProject
Project("{FAE04EC0-301F-11D3-BF4B-00C04F79EFBC}") = "Ianf.Gametracker.Webapi", "Ianf.Gametracker.Webapi\Ianf.Gametracker.Webapi.csproj", "{4AEDA8B7-6E97-4DE4-85D5-72503A8F59D6}"
EndProject
Project("{FAE04EC0-301F-11D3-BF4B-00C04F79EFBC}") = "Ianf.Gametracker.Services.Tests", "Ianf.Gametracker.Services.Tests\Ianf.Gametracker.Services.Tests.csproj", "{38F6BC65-182E-405F-9BB1-0BDBA9FD13D8}"
EndProject
Global
	GlobalSection(SolutionConfigurationPlatforms) = preSolution
		Debug|Any CPU = Debug|Any CPU
		Debug|x64 = Debug|x64
		Debug|x86 = Debug|x86
		Release|Any CPU = Release|Any CPU
		Release|x64 = Release|x64
		Release|x86 = Release|x86
	EndGlobalSection
	GlobalSection(SolutionProperties) = preSolution
		HideSolutionNode = FALSE
	EndGlobalSection
	GlobalSection(ProjectConfigurationPlatforms) = postSolution
		{A5601EC9-4B45-40C7-9768-1DEA99BF132E}.Debug|Any CPU.ActiveCfg = Debug|Any CPU
		{A5601EC9-4B45-40C7-9768-1DEA99BF132E}.Debug|Any CPU.Build.0 = Debug|Any CPU
		{A5601EC9-4B45-40C7-9768-1DEA99BF132E}.Debug|x64.ActiveCfg = Debug|Any CPU
		{A5601EC9-4B45-40C7-9768-1DEA99BF132E}.Debug|x64.Build.0 = Debug|Any CPU
		{A5601EC9-4B45-40C7-9768-1DEA99BF132E}.Debug|x86.ActiveCfg = Debug|Any CPU
		{A5601EC9-4B45-40C7-9768-1DEA99BF132E}.Debug|x86.Build.0 = Debug|Any CPU
		{A5601EC9-4B45-40C7-9768-1DEA99BF132E}.Release|Any CPU.ActiveCfg = Release|Any CPU
		{A5601EC9-4B45-40C7-9768-1DEA99BF132E}.Release|Any CPU.Build.0 = Release|Any CPU
		{A5601EC9-4B45-40C7-9768-1DEA99BF132E}.Release|x64.ActiveCfg = Release|Any CPU
		{A5601EC9-4B45-40C7-9768-1DEA99BF132E}.Release|x64.Build.0 = Release|Any CPU
		{A5601EC9-4B45-40C7-9768-1DEA99BF132E}.Release|x86.ActiveCfg = Release|Any CPU
		{A5601EC9-4B45-40C7-9768-1DEA99BF132E}.Release|x86.Build.0 = Release|Any CPU
		{1E91F725-0145-4244-AF8C-DAD73533544C}.Debug|Any CPU.ActiveCfg = Debug|Any CPU
		{1E91F725-0145-4244-AF8C-DAD73533544C}.Debug|Any CPU.Build.0 = Debug|Any CPU
		{1E91F725-0145-4244-AF8C-DAD73533544C}.Debug|x64.ActiveCfg = Debug|Any CPU
		{1E91F725-0145-4244-AF8C-DAD73533544C}.Debug|x64.Build.0 = Debug|Any CPU
		{1E91F725-0145-4244-AF8C-DAD73533544C}.Debug|x86.ActiveCfg = Debug|Any CPU
		{1E91F725-0145-4244-AF8C-DAD73533544C}.Debug|x86.Build.0 = Debug|Any CPU
		{1E91F725-0145-4244-AF8C-DAD73533544C}.Release|Any CPU.ActiveCfg = Release|Any CPU
		{1E91F725-0145-4244-AF8C-DAD73533544C}.Release|Any CPU.Build.0 = Release|Any CPU
		{1E91F725-0145-4244-AF8C-DAD73533544C}.Release|x64.ActiveCfg = Release|Any CPU
		{1E91F725-0145-4244-AF8C-DAD73533544C}.Release|x64.Build.0 = Release|Any CPU
		{1E91F725-0145-4244-AF8C-DAD73533544C}.Release|x86.ActiveCfg = Release|Any CPU
		{1E91F725-0145-4244-AF8C-DAD73533544C}.Release|x86.Build.0 = Release|Any CPU
		{4AEDA8B7-6E97-4DE4-85D5-72503A8F59D6}.Debug|Any CPU.ActiveCfg = Debug|Any CPU
		{4AEDA8B7-6E97-4DE4-85D5-72503A8F59D6}.Debug|Any CPU.Build.0 = Debug|Any CPU
		{4AEDA8B7-6E97-4DE4-85D5-72503A8F59D6}.Debug|x64.ActiveCfg = Debug|Any CPU
		{4AEDA8B7-6E97-4DE4-85D5-72503A8F59D6}.Debug|x64.Build.0 = Debug|Any CPU
		{4AEDA8B7-6E97-4DE4-85D5-72503A8F59D6}.Debug|x86.ActiveCfg = Debug|Any CPU
		{4AEDA8B7-6E97-4DE4-85D5-72503A8F59D6}.Debug|x86.Build.0 = Debug|Any CPU
		{4AEDA8B7-6E97-4DE4-85D5-72503A8F59D6}.Release|Any CPU.ActiveCfg = Release|Any CPU
		{4AEDA8B7-6E97-4DE4-85D5-72503A8F59D6}.Release|Any CPU.Build.0 = Release|Any CPU
		{4AEDA8B7-6E97-4DE4-85D5-72503A8F59D6}.Release|x64.ActiveCfg = Release|Any CPU
		{4AEDA8B7-6E97-4DE4-85D5-72503A8F59D6}.Release|x64.Build.0 = Release|Any CPU
		{4AEDA8B7-6E97-4DE4-85D5-72503A8F59D6}.Release|x86.ActiveCfg = Release|Any CPU
		{4AEDA8B7-6E97-4DE4-85D5-72503A8F59D6}.Release|x86.Build.0 = Release|Any CPU
		{38F6BC65-182E-405F-9BB1-0BDBA9FD13D8}.Debug|Any CPU.ActiveCfg = Debug|Any CPU
		{38F6BC65-182E-405F-9BB1-0BDBA9FD13D8}.Debug|Any CPU.Build.0 = Debug|Any CPU
		{38F6BC65-182E-405F-9BB1-0BDBA9FD13D8}.Debug|x64.ActiveCfg = Debug|Any CPU
		{38F6BC65-182E-405F-9BB1-0BDBA9FD13D8}.Debug|x64.Build.0 = Debug|Any CPU
		{38F6BC65-182E-405F-9BB1-0BDBA9FD13D8}.Debug|x86.ActiveCfg = Debug|Any CPU
		{38F6BC65-182E-405F-9BB1-0BDBA9FD13D8}.Debug|x86.Build.0 = Debug|Any CPU
		{38F6BC65-182E-405F-9BB1-0BDBA9FD13D8}.Release|Any CPU.ActiveCfg = Release|Any CPU
		{38F6BC65-182E-405F-9BB1-0BDBA9FD13D8}.Release|Any CPU.Build.0 = Release|Any CPU
		{38F6BC65-182E-405F-9BB1-0BDBA9FD13D8}.Release|x64.ActiveCfg = Release|Any CPU
		{38F6BC65-182E-405F-9BB1-0BDBA9FD13D8}.Release|x64.Build.0 = Release|Any CPU
		{38F6BC65-182E-405F-9BB1-0BDBA9FD13D8}.Release|x86.ActiveCfg = Release|Any CPU
		{38F6BC65-182E-405F-9BB1-0BDBA9FD13D8}.Release|x86.Build.0 = Release|Any CPU
	EndGlobalSection
EndGlobal
